
Microsoft Visual Studio Solution File, Format Version 12.00
# Visual Studio Version 17
VisualStudioVersion = 17.11.35327.3
MinimumVisualStudioVersion = 10.0.40219.1
Project("{FAE04EC0-301F-11D3-BF4B-00C04F79EFBC}") = "EVE", "EVE\EVE.csproj", "{976800C2-1106-4C0A-B2F6-BCA789B8DE9C}"
EndProject
Project("{FAE04EC0-301F-11D3-BF4B-00C04F79EFBC}") = "EVE.Core", "EVE.Core\EVE.Core.csproj", "{27AF5210-C483-4F30-B516-77882B495B92}"
EndProject
Global
	GlobalSection(SolutionConfigurationPlatforms) = preSolution
		Debug|Any CPU = Debug|Any CPU
		Release|Any CPU = Release|Any CPU
	EndGlobalSection
	GlobalSection(ProjectConfigurationPlatforms) = postSolution
		{976800C2-1106-4C0A-B2F6-BCA789B8DE9C}.Debug|Any CPU.ActiveCfg = Debug|Any CPU
		{976800C2-1106-4C0A-B2F6-BCA789B8DE9C}.Debug|Any CPU.Build.0 = Debug|Any CPU
		{976800C2-1106-4C0A-B2F6-BCA789B8DE9C}.Release|Any CPU.ActiveCfg = Release|Any CPU
		{976800C2-1106-4C0A-B2F6-BCA789B8DE9C}.Release|Any CPU.Build.0 = Release|Any CPU
		{27AF5210-C483-4F30-B516-77882B495B92}.Debug|Any CPU.ActiveCfg = Debug|Any CPU
		{27AF5210-C483-4F30-B516-77882B495B92}.Debug|Any CPU.Build.0 = Debug|Any CPU
		{27AF5210-C483-4F30-B516-77882B495B92}.Release|Any CPU.ActiveCfg = Release|Any CPU
		{27AF5210-C483-4F30-B516-77882B495B92}.Release|Any CPU.Build.0 = Release|Any CPU
	EndGlobalSection
	GlobalSection(SolutionProperties) = preSolution
		HideSolutionNode = FALSE
	EndGlobalSection
	GlobalSection(ExtensibilityGlobals) = postSolution
		SolutionGuid = {8254B8CB-16BA-495C-AAEE-F6B14FA5593B}
	EndGlobalSection
EndGlobal
